<?xml version="1.0" encoding="utf-8"?>
<Project ToolsVersion="4.0" xmlns="http://schemas.microsoft.com/developer/msbuild/2003">
  <ItemGroup>
    <ClCompile Include="Camera.cpp" />
    <ClCompile Include="Mesh.cpp" />
    <ClCompile Include="OBJLoader.cpp" />
    <ClCompile Include="Shader.cpp" />
    <ClCompile Include="Tancodrom.cpp" />
    <ClCompile Include="TankModel.cpp" />
  </ItemGroup>
  <ItemGroup>
    <ClInclude Include="Camera.h" />
    <ClInclude Include="Mesh.h" />
    <ClInclude Include="OBJLoader.h" />
    <ClInclude Include="Shader.h" />
    <ClInclude Include="TankModel.h" />
  </ItemGroup>
  <ItemGroup>
    <None Include="ShadowMapping.fs" />
    <None Include="ShadowMapping.vs" />
    <None Include="ShadowMappingDepth.fs" />
    <None Include="ShadowMappingDepth.vs" />
    <None Include="TankModelShader.vs" />
    <None Include="TankModelShader.fs" />
  </ItemGroup>
</Project>